// !$*UTF8*$!
{
	archiveVersion = 1;
	classes = {
	};
	objectVersion = 77;
	objects = {

/* Begin PBXContainerItemProxy section */
		578937782E1DCEFB00A4D567 /* PBXContainerItemProxy */ = {
			isa = PBXContainerItemProxy;
			containerPortal = 578937622E1DCEFA00A4D567 /* Project object */;
			proxyType = 1;
			remoteGlobalIDString = 578937692E1DCEFA00A4D567;
			remoteInfo = CocoaHeadsAlbania;
		};
		578937822E1DCEFB00A4D567 /* PBXContainerItemProxy */ = {
			isa = PBXContainerItemProxy;
			containerPortal = 578937622E1DCEFA00A4D567 /* Project object */;
			proxyType = 1;
			remoteGlobalIDString = 578937692E1DCEFA00A4D567;
			remoteInfo = CocoaHeadsAlbania;
		};
/* End PBXContainerItemProxy section */

/* Begin PBXFileReference section */
		5789376A2E1DCEFA00A4D567 /* CocoaHeadsAlbania.app */ = {isa = PBXFileReference; explicitFileType = wrapper.application; includeInIndex = 0; path = CocoaHeadsAlbania.app; sourceTree = BUILT_PRODUCTS_DIR; };
		578937772E1DCEFB00A4D567 /* CocoaHeadsAlbaniaTests.xctest */ = {isa = PBXFileReference; explicitFileType = wrapper.cfbundle; includeInIndex = 0; path = CocoaHeadsAlbaniaTests.xctest; sourceTree = BUILT_PRODUCTS_DIR; };
		578937812E1DCEFB00A4D567 /* CocoaHeadsAlbaniaUITests.xctest */ = {isa = PBXFileReference; explicitFileType = wrapper.cfbundle; includeInIndex = 0; path = CocoaHeadsAlbaniaUITests.xctest; sourceTree = BUILT_PRODUCTS_DIR; };
/* End PBXFileReference section */

/* Begin PBXFileSystemSynchronizedBuildFileExceptionSet section */
		577C87062E1F1F4A00C9E6EE /* Exceptions for "CocoaHeadsAlbania" folder in "CocoaHeadsAlbania" target */ = {
			isa = PBXFileSystemSynchronizedBuildFileExceptionSet;
			membershipExceptions = (
				Info.plist,
			);
			target = 578937692E1DCEFA00A4D567 /* CocoaHeadsAlbania */;
		};
/* End PBXFileSystemSynchronizedBuildFileExceptionSet section */

/* Begin PBXFileSystemSynchronizedRootGroup section */
		5789376C2E1DCEFA00A4D567 /* CocoaHeadsAlbania */ = {
			isa = PBXFileSystemSynchronizedRootGroup;
			exceptions = (
				577C87062E1F1F4A00C9E6EE /* Exceptions for "CocoaHeadsAlbania" folder in "CocoaHeadsAlbania" target */,
			);
			path = CocoaHeadsAlbania;
			sourceTree = "<group>";
		};
		5789377A2E1DCEFB00A4D567 /* CocoaHeadsAlbaniaTests */ = {
			isa = PBXFileSystemSynchronizedRootGroup;
			path = CocoaHeadsAlbaniaTests;
			sourceTree = "<group>";
		};
		578937842E1DCEFB00A4D567 /* CocoaHeadsAlbaniaUITests */ = {
			isa = PBXFileSystemSynchronizedRootGroup;
			path = CocoaHeadsAlbaniaUITests;
			sourceTree = "<group>";
		};
/* End PBXFileSystemSynchronizedRootGroup section */

/* Begin PBXFrameworksBuildPhase section */
		578937672E1DCEFA00A4D567 /* Frameworks */ = {
			isa = PBXFrameworksBuildPhase;
			buildActionMask = 2147483647;
			files = (
			);
			runOnlyForDeploymentPostprocessing = 0;
		};
		578937742E1DCEFB00A4D567 /* Frameworks */ = {
			isa = PBXFrameworksBuildPhase;
			buildActionMask = 2147483647;
			files = (
			);
			runOnlyForDeploymentPostprocessing = 0;
		};
		5789377E2E1DCEFB00A4D567 /* Frameworks */ = {
			isa = PBXFrameworksBuildPhase;
			buildActionMask = 2147483647;
			files = (
			);
			runOnlyForDeploymentPostprocessing = 0;
		};
/* End PBXFrameworksBuildPhase section */

/* Begin PBXGroup section */
		578937612E1DCEFA00A4D567 = {
			isa = PBXGroup;
			children = (
				5789376C2E1DCEFA00A4D567 /* CocoaHeadsAlbania */,
				5789377A2E1DCEFB00A4D567 /* CocoaHeadsAlbaniaTests */,
				578937842E1DCEFB00A4D567 /* CocoaHeadsAlbaniaUITests */,
				5789376B2E1DCEFA00A4D567 /* Products */,
			);
			sourceTree = "<group>";
		};
		5789376B2E1DCEFA00A4D567 /* Products */ = {
			isa = PBXGroup;
			children = (
				5789376A2E1DCEFA00A4D567 /* CocoaHeadsAlbania.app */,
				578937772E1DCEFB00A4D567 /* CocoaHeadsAlbaniaTests.xctest */,
				578937812E1DCEFB00A4D567 /* CocoaHeadsAlbaniaUITests.xctest */,
			);
			name = Products;
			sourceTree = "<group>";
		};
/* End PBXGroup section */

/* Begin PBXNativeTarget section */
		578937692E1DCEFA00A4D567 /* CocoaHeadsAlbania */ = {
			isa = PBXNativeTarget;
			buildConfigurationList = 5789378B2E1DCEFB00A4D567 /* Build configuration list for PBXNativeTarget "CocoaHeadsAlbania" */;
			buildPhases = (
				578937662E1DCEFA00A4D567 /* Sources */,
				578937672E1DCEFA00A4D567 /* Frameworks */,
				578937682E1DCEFA00A4D567 /* Resources */,
			);
			buildRules = (
			);
			dependencies = (
			);
			fileSystemSynchronizedGroups = (
				5789376C2E1DCEFA00A4D567 /* CocoaHeadsAlbania */,
			);
			name = CocoaHeadsAlbania;
			packageProductDependencies = (
			);
			productName = CocoaHeadsAlbania;
			productReference = 5789376A2E1DCEFA00A4D567 /* CocoaHeadsAlbania.app */;
			productType = "com.apple.product-type.application";
		};
		578937762E1DCEFB00A4D567 /* CocoaHeadsAlbaniaTests */ = {
			isa = PBXNativeTarget;
			buildConfigurationList = 5789378E2E1DCEFB00A4D567 /* Build configuration list for PBXNativeTarget "CocoaHeadsAlbaniaTests" */;
			buildPhases = (
				578937732E1DCEFB00A4D567 /* Sources */,
				578937742E1DCEFB00A4D567 /* Frameworks */,
				578937752E1DCEFB00A4D567 /* Resources */,
			);
			buildRules = (
			);
			dependencies = (
				578937792E1DCEFB00A4D567 /* PBXTargetDependency */,
			);
			fileSystemSynchronizedGroups = (
				5789377A2E1DCEFB00A4D567 /* CocoaHeadsAlbaniaTests */,
			);
			name = CocoaHeadsAlbaniaTests;
			packageProductDependencies = (
			);
			productName = CocoaHeadsAlbaniaTests;
			productReference = 578937772E1DCEFB00A4D567 /* CocoaHeadsAlbaniaTests.xctest */;
			productType = "com.apple.product-type.bundle.unit-test";
		};
		578937802E1DCEFB00A4D567 /* CocoaHeadsAlbaniaUITests */ = {
			isa = PBXNativeTarget;
			buildConfigurationList = 578937912E1DCEFB00A4D567 /* Build configuration list for PBXNativeTarget "CocoaHeadsAlbaniaUITests" */;
			buildPhases = (
				5789377D2E1DCEFB00A4D567 /* Sources */,
				5789377E2E1DCEFB00A4D567 /* Frameworks */,
				5789377F2E1DCEFB00A4D567 /* Resources */,
			);
			buildRules = (
			);
			dependencies = (
				578937832E1DCEFB00A4D567 /* PBXTargetDependency */,
			);
			fileSystemSynchronizedGroups = (
				578937842E1DCEFB00A4D567 /* CocoaHeadsAlbaniaUITests */,
			);
			name = CocoaHeadsAlbaniaUITests;
			packageProductDependencies = (
			);
			productName = CocoaHeadsAlbaniaUITests;
			productReference = 578937812E1DCEFB00A4D567 /* CocoaHeadsAlbaniaUITests.xctest */;
			productType = "com.apple.product-type.bundle.ui-testing";
		};
/* End PBXNativeTarget section */

/* Begin PBXProject section */
		578937622E1DCEFA00A4D567 /* Project object */ = {
			isa = PBXProject;
			attributes = {
				BuildIndependentTargetsInParallel = 1;
				LastSwiftUpdateCheck = 2600;
				LastUpgradeCheck = 2600;
				TargetAttributes = {
					578937692E1DCEFA00A4D567 = {
						CreatedOnToolsVersion = 26.0;
					};
					578937762E1DCEFB00A4D567 = {
						CreatedOnToolsVersion = 26.0;
						TestTargetID = 578937692E1DCEFA00A4D567;
					};
					578937802E1DCEFB00A4D567 = {
						CreatedOnToolsVersion = 26.0;
						TestTargetID = 578937692E1DCEFA00A4D567;
					};
				};
			};
			buildConfigurationList = 578937652E1DCEFA00A4D567 /* Build configuration list for PBXProject "CocoaHeadsAlbania" */;
			developmentRegion = en;
			hasScannedForEncodings = 0;
			knownRegions = (
				en,
				Base,
			);
			mainGroup = 578937612E1DCEFA00A4D567;
			minimizedProjectReferenceProxies = 1;
			preferredProjectObjectVersion = 77;
			productRefGroup = 5789376B2E1DCEFA00A4D567 /* Products */;
			projectDirPath = "";
			projectRoot = "";
			targets = (
				578937692E1DCEFA00A4D567 /* CocoaHeadsAlbania */,
				578937762E1DCEFB00A4D567 /* CocoaHeadsAlbaniaTests */,
				578937802E1DCEFB00A4D567 /* CocoaHeadsAlbaniaUITests */,
			);
		};
/* End PBXProject section */

/* Begin PBXResourcesBuildPhase section */
		578937682E1DCEFA00A4D567 /* Resources */ = {
			isa = PBXResourcesBuildPhase;
			buildActionMask = 2147483647;
			files = (
			);
			runOnlyForDeploymentPostprocessing = 0;
		};
		578937752E1DCEFB00A4D567 /* Resources */ = {
			isa = PBXResourcesBuildPhase;
			buildActionMask = 2147483647;
			files = (
			);
			runOnlyForDeploymentPostprocessing = 0;
		};
		5789377F2E1DCEFB00A4D567 /* Resources */ = {
			isa = PBXResourcesBuildPhase;
			buildActionMask = 2147483647;
			files = (
			);
			runOnlyForDeploymentPostprocessing = 0;
		};
/* End PBXResourcesBuildPhase section */

/* Begin PBXSourcesBuildPhase section */
		578937662E1DCEFA00A4D567 /* Sources */ = {
			isa = PBXSourcesBuildPhase;
			buildActionMask = 2147483647;
			files = (
			);
			runOnlyForDeploymentPostprocessing = 0;
		};
		578937732E1DCEFB00A4D567 /* Sources */ = {
			isa = PBXSourcesBuildPhase;
			buildActionMask = 2147483647;
			files = (
			);
			runOnlyForDeploymentPostprocessing = 0;
		};
		5789377D2E1DCEFB00A4D567 /* Sources */ = {
			isa = PBXSourcesBuildPhase;
			buildActionMask = 2147483647;
			files = (
			);
			runOnlyForDeploymentPostprocessing = 0;
		};
/* End PBXSourcesBuildPhase section */

/* Begin PBXTargetDependency section */
		578937792E1DCEFB00A4D567 /* PBXTargetDependency */ = {
			isa = PBXTargetDependency;
			target = 578937692E1DCEFA00A4D567 /* CocoaHeadsAlbania */;
			targetProxy = 578937782E1DCEFB00A4D567 /* PBXContainerItemProxy */;
		};
		578937832E1DCEFB00A4D567 /* PBXTargetDependency */ = {
			isa = PBXTargetDependency;
			target = 578937692E1DCEFA00A4D567 /* CocoaHeadsAlbania */;
			targetProxy = 578937822E1DCEFB00A4D567 /* PBXContainerItemProxy */;
		};
/* End PBXTargetDependency section */

/* Begin XCBuildConfiguration section */
		578937892E1DCEFB00A4D567 /* Debug */ = {
			isa = XCBuildConfiguration;
			buildSettings = {
				ALWAYS_SEARCH_USER_PATHS = NO;
				ASSETCATALOG_COMPILER_GENERATE_SWIFT_ASSET_SYMBOL_EXTENSIONS = YES;
				CLANG_ANALYZER_NONNULL = YES;
				CLANG_ANALYZER_NUMBER_OBJECT_CONVERSION = YES_AGGRESSIVE;
				CLANG_CXX_LANGUAGE_STANDARD = "gnu++20";
				CLANG_ENABLE_MODULES = YES;
				CLANG_ENABLE_OBJC_ARC = YES;
				CLANG_ENABLE_OBJC_WEAK = YES;
				CLANG_WARN_BLOCK_CAPTURE_AUTORELEASING = YES;
				CLANG_WARN_BOOL_CONVERSION = YES;
				CLANG_WARN_COMMA = YES;
				CLANG_WARN_CONSTANT_CONVERSION = YES;
				CLANG_WARN_DEPRECATED_OBJC_IMPLEMENTATIONS = YES;
				CLANG_WARN_DIRECT_OBJC_ISA_USAGE = YES_ERROR;
				CLANG_WARN_DOCUMENTATION_COMMENTS = YES;
				CLANG_WARN_EMPTY_BODY = YES;
				CLANG_WARN_ENUM_CONVERSION = YES;
				CLANG_WARN_INFINITE_RECURSION = YES;
				CLANG_WARN_INT_CONVERSION = YES;
				CLANG_WARN_NON_LITERAL_NULL_CONVERSION = YES;
				CLANG_WARN_OBJC_IMPLICIT_RETAIN_SELF = YES;
				CLANG_WARN_OBJC_LITERAL_CONVERSION = YES;
				CLANG_WARN_OBJC_ROOT_CLASS = YES_ERROR;
				CLANG_WARN_QUOTED_INCLUDE_IN_FRAMEWORK_HEADER = YES;
				CLANG_WARN_RANGE_LOOP_ANALYSIS = YES;
				CLANG_WARN_STRICT_PROTOTYPES = YES;
				CLANG_WARN_SUSPICIOUS_MOVE = YES;
				CLANG_WARN_UNGUARDED_AVAILABILITY = YES_AGGRESSIVE;
				CLANG_WARN_UNREACHABLE_CODE = YES;
				CLANG_WARN__DUPLICATE_METHOD_MATCH = YES;
				COPY_PHASE_STRIP = NO;
				DEBUG_INFORMATION_FORMAT = dwarf;
				ENABLE_STRICT_OBJC_MSGSEND = YES;
				ENABLE_TESTABILITY = YES;
				ENABLE_USER_SCRIPT_SANDBOXING = YES;
				GCC_C_LANGUAGE_STANDARD = gnu17;
				GCC_DYNAMIC_NO_PIC = NO;
				GCC_NO_COMMON_BLOCKS = YES;
				GCC_OPTIMIZATION_LEVEL = 0;
				GCC_PREPROCESSOR_DEFINITIONS = (
					"DEBUG=1",
					"$(inherited)",
				);
				GCC_WARN_64_TO_32_BIT_CONVERSION = YES;
				GCC_WARN_ABOUT_RETURN_TYPE = YES_ERROR;
				GCC_WARN_UNDECLARED_SELECTOR = YES;
				GCC_WARN_UNINITIALIZED_AUTOS = YES_AGGRESSIVE;
				GCC_WARN_UNUSED_FUNCTION = YES;
				GCC_WARN_UNUSED_VARIABLE = YES;
				IPHONEOS_DEPLOYMENT_TARGET = 26.0;
				LOCALIZATION_PREFERS_STRING_CATALOGS = YES;
				MTL_ENABLE_DEBUG_INFO = INCLUDE_SOURCE;
				MTL_FAST_MATH = YES;
				ONLY_ACTIVE_ARCH = YES;
				SDKROOT = iphoneos;
				SWIFT_ACTIVE_COMPILATION_CONDITIONS = "DEBUG $(inherited)";
				SWIFT_OPTIMIZATION_LEVEL = "-Onone";
			};
			name = Debug;
		};
		5789378A2E1DCEFB00A4D567 /* Release */ = {
			isa = XCBuildConfiguration;
			buildSettings = {
				ALWAYS_SEARCH_USER_PATHS = NO;
				ASSETCATALOG_COMPILER_GENERATE_SWIFT_ASSET_SYMBOL_EXTENSIONS = YES;
				CLANG_ANALYZER_NONNULL = YES;
				CLANG_ANALYZER_NUMBER_OBJECT_CONVERSION = YES_AGGRESSIVE;
				CLANG_CXX_LANGUAGE_STANDARD = "gnu++20";
				CLANG_ENABLE_MODULES = YES;
				CLANG_ENABLE_OBJC_ARC = YES;
				CLANG_ENABLE_OBJC_WEAK = YES;
				CLANG_WARN_BLOCK_CAPTURE_AUTORELEASING = YES;
				CLANG_WARN_BOOL_CONVERSION = YES;
				CLANG_WARN_COMMA = YES;
				CLANG_WARN_CONSTANT_CONVERSION = YES;
				CLANG_WARN_DEPRECATED_OBJC_IMPLEMENTATIONS = YES;
				CLANG_WARN_DIRECT_OBJC_ISA_USAGE = YES_ERROR;
				CLANG_WARN_DOCUMENTATION_COMMENTS = YES;
				CLANG_WARN_EMPTY_BODY = YES;
				CLANG_WARN_ENUM_CONVERSION = YES;
				CLANG_WARN_INFINITE_RECURSION = YES;
				CLANG_WARN_INT_CONVERSION = YES;
				CLANG_WARN_NON_LITERAL_NULL_CONVERSION = YES;
				CLANG_WARN_OBJC_IMPLICIT_RETAIN_SELF = YES;
				CLANG_WARN_OBJC_LITERAL_CONVERSION = YES;
				CLANG_WARN_OBJC_ROOT_CLASS = YES_ERROR;
				CLANG_WARN_QUOTED_INCLUDE_IN_FRAMEWORK_HEADER = YES;
				CLANG_WARN_RANGE_LOOP_ANALYSIS = YES;
				CLANG_WARN_STRICT_PROTOTYPES = YES;
				CLANG_WARN_SUSPICIOUS_MOVE = YES;
				CLANG_WARN_UNGUARDED_AVAILABILITY = YES_AGGRESSIVE;
				CLANG_WARN_UNREACHABLE_CODE = YES;
				CLANG_WARN__DUPLICATE_METHOD_MATCH = YES;
				COPY_PHASE_STRIP = NO;
				DEBUG_INFORMATION_FORMAT = "dwarf-with-dsym";
				ENABLE_NS_ASSERTIONS = NO;
				ENABLE_STRICT_OBJC_MSGSEND = YES;
				ENABLE_USER_SCRIPT_SANDBOXING = YES;
				GCC_C_LANGUAGE_STANDARD = gnu17;
				GCC_NO_COMMON_BLOCKS = YES;
				GCC_WARN_64_TO_32_BIT_CONVERSION = YES;
				GCC_WARN_ABOUT_RETURN_TYPE = YES_ERROR;
				GCC_WARN_UNDECLARED_SELECTOR = YES;
				GCC_WARN_UNINITIALIZED_AUTOS = YES_AGGRESSIVE;
				GCC_WARN_UNUSED_FUNCTION = YES;
				GCC_WARN_UNUSED_VARIABLE = YES;
				IPHONEOS_DEPLOYMENT_TARGET = 26.0;
				LOCALIZATION_PREFERS_STRING_CATALOGS = YES;
				MTL_ENABLE_DEBUG_INFO = NO;
				MTL_FAST_MATH = YES;
				SDKROOT = iphoneos;
				SWIFT_COMPILATION_MODE = wholemodule;
				VALIDATE_PRODUCT = YES;
			};
			name = Release;
		};
		5789378C2E1DCEFB00A4D567 /* Debug */ = {
			isa = XCBuildConfiguration;
			buildSettings = {
				ASSETCATALOG_COMPILER_APPICON_NAME = AppIcon;
				ASSETCATALOG_COMPILER_GLOBAL_ACCENT_COLOR_NAME = AccentColor;
				CODE_SIGN_STYLE = Automatic;
				CURRENT_PROJECT_VERSION = 1;
				ENABLE_PREVIEWS = YES;
				GENERATE_INFOPLIST_FILE = YES;
				INFOPLIST_FILE = CocoaHeadsAlbania/Info.plist;
				INFOPLIST_KEY_UIApplicationSceneManifest_Generation = YES;
				INFOPLIST_KEY_UIApplicationSupportsIndirectInputEvents = YES;
				INFOPLIST_KEY_UILaunchScreen_Generation = YES;
				INFOPLIST_KEY_UISupportedInterfaceOrientations_iPad = "UIInterfaceOrientationPortrait UIInterfaceOrientationPortraitUpsideDown UIInterfaceOrientationLandscapeLeft UIInterfaceOrientationLandscapeRight";
				INFOPLIST_KEY_UISupportedInterfaceOrientations_iPhone = "UIInterfaceOrientationPortrait UIInterfaceOrientationLandscapeLeft UIInterfaceOrientationLandscapeRight";
				LD_RUNPATH_SEARCH_PATHS = (
					"$(inherited)",
					"@executable_path/Frameworks",
				);
				MARKETING_VERSION = 1.0;
				PRODUCT_BUNDLE_IDENTIFIER = community.CocoaHeadsAlbania;
				PRODUCT_NAME = "$(TARGET_NAME)";
				STRING_CATALOG_GENERATE_SYMBOLS = YES;
				SUPPORTED_PLATFORMS = "iphoneos iphonesimulator";
				SUPPORTS_MACCATALYST = NO;
				SUPPORTS_MAC_DESIGNED_FOR_IPHONE_IPAD = NO;
				SUPPORTS_XR_DESIGNED_FOR_IPHONE_IPAD = NO;
				SWIFT_DEFAULT_ACTOR_ISOLATION = MainActor;
				SWIFT_EMIT_LOC_STRINGS = YES;
				SWIFT_UPCOMING_FEATURE_MEMBER_IMPORT_VISIBILITY = YES;
				SWIFT_VERSION = 5.0;
				TARGETED_DEVICE_FAMILY = "1,2";
			};
			name = Debug;
		};
		5789378D2E1DCEFB00A4D567 /* Release */ = {
			isa = XCBuildConfiguration;
			buildSettings = {
				ASSETCATALOG_COMPILER_APPICON_NAME = AppIcon;
				ASSETCATALOG_COMPILER_GLOBAL_ACCENT_COLOR_NAME = AccentColor;
				CODE_SIGN_STYLE = Automatic;
				CURRENT_PROJECT_VERSION = 1;
				ENABLE_PREVIEWS = YES;
				GENERATE_INFOPLIST_FILE = YES;
				INFOPLIST_FILE = CocoaHeadsAlbania/Info.plist;
				INFOPLIST_KEY_UIApplicationSceneManifest_Generation = YES;
				INFOPLIST_KEY_UIApplicationSupportsIndirectInputEvents = YES;
				INFOPLIST_KEY_UILaunchScreen_Generation = YES;
				INFOPLIST_KEY_UISupportedInterfaceOrientations_iPad = "UIInterfaceOrientationPortrait UIInterfaceOrientationPortraitUpsideDown UIInterfaceOrientationLandscapeLeft UIInterfaceOrientationLandscapeRight";
				INFOPLIST_KEY_UISupportedInterfaceOrientations_iPhone = "UIInterfaceOrientationPortrait UIInterfaceOrientationLandscapeLeft UIInterfaceOrientationLandscapeRight";
				LD_RUNPATH_SEARCH_PATHS = (
					"$(inherited)",
					"@executable_path/Frameworks",
				);
				MARKETING_VERSION = 1.0;
				PRODUCT_BUNDLE_IDENTIFIER = community.CocoaHeadsAlbania;
				PRODUCT_NAME = "$(TARGET_NAME)";
				STRING_CATALOG_GENERATE_SYMBOLS = YES;
				SUPPORTED_PLATFORMS = "iphoneos iphonesimulator";
				SUPPORTS_MACCATALYST = NO;
				SUPPORTS_MAC_DESIGNED_FOR_IPHONE_IPAD = NO;
				SUPPORTS_XR_DESIGNED_FOR_IPHONE_IPAD = NO;
				SWIFT_DEFAULT_ACTOR_ISOLATION = MainActor;
				SWIFT_EMIT_LOC_STRINGS = YES;
				SWIFT_UPCOMING_FEATURE_MEMBER_IMPORT_VISIBILITY = YES;
				SWIFT_VERSION = 5.0;
				TARGETED_DEVICE_FAMILY = "1,2";
			};
			name = Release;
		};
		5789378F2E1DCEFB00A4D567 /* Debug */ = {
			isa = XCBuildConfiguration;
			buildSettings = {
				BUNDLE_LOADER = "$(TEST_HOST)";
				CODE_SIGN_STYLE = Automatic;
				CURRENT_PROJECT_VERSION = 1;
				GENERATE_INFOPLIST_FILE = YES;
				IPHONEOS_DEPLOYMENT_TARGET = 26.0;
				MARKETING_VERSION = 1.0;
				PRODUCT_BUNDLE_IDENTIFIER = community.CocoaHeadsAlbaniaTests;
				PRODUCT_NAME = "$(TARGET_NAME)";
				STRING_CATALOG_GENERATE_SYMBOLS = NO;
				SWIFT_EMIT_LOC_STRINGS = NO;
				SWIFT_UPCOMING_FEATURE_MEMBER_IMPORT_VISIBILITY = YES;
				SWIFT_VERSION = 5.0;
				TARGETED_DEVICE_FAMILY = "1,2";
				TEST_HOST = "$(BUILT_PRODUCTS_DIR)/CocoaHeadsAlbania.app/$(BUNDLE_EXECUTABLE_FOLDER_PATH)/CocoaHeadsAlbania";
			};
			name = Debug;
		};
		578937902E1DCEFB00A4D567 /* Release */ = {
			isa = XCBuildConfiguration;
			buildSettings = {
				BUNDLE_LOADER = "$(TEST_HOST)";
				CODE_SIGN_STYLE = Automatic;
				CURRENT_PROJECT_VERSION = 1;
				GENERATE_INFOPLIST_FILE = YES;
				IPHONEOS_DEPLOYMENT_TARGET = 26.0;
				MARKETING_VERSION = 1.0;
				PRODUCT_BUNDLE_IDENTIFIER = community.CocoaHeadsAlbaniaTests;
				PRODUCT_NAME = "$(TARGET_NAME)";
				STRING_CATALOG_GENERATE_SYMBOLS = NO;
				SWIFT_EMIT_LOC_STRINGS = NO;
				SWIFT_UPCOMING_FEATURE_MEMBER_IMPORT_VISIBILITY = YES;
				SWIFT_VERSION = 5.0;
				TARGETED_DEVICE_FAMILY = "1,2";
				TEST_HOST = "$(BUILT_PRODUCTS_DIR)/CocoaHeadsAlbania.app/$(BUNDLE_EXECUTABLE_FOLDER_PATH)/CocoaHeadsAlbania";
			};
			name = Release;
		};
		578937922E1DCEFB00A4D567 /* Debug */ = {
			isa = XCBuildConfiguration;
			buildSettings = {
				CODE_SIGN_STYLE = Automatic;
				CURRENT_PROJECT_VERSION = 1;
				GENERATE_INFOPLIST_FILE = YES;
				MARKETING_VERSION = 1.0;
				PRODUCT_BUNDLE_IDENTIFIER = community.CocoaHeadsAlbaniaUITests;
				PRODUCT_NAME = "$(TARGET_NAME)";
				STRING_CATALOG_GENERATE_SYMBOLS = NO;
				SWIFT_EMIT_LOC_STRINGS = NO;
				SWIFT_UPCOMING_FEATURE_MEMBER_IMPORT_VISIBILITY = YES;
				SWIFT_VERSION = 5.0;
				TARGETED_DEVICE_FAMILY = "1,2";
				TEST_TARGET_NAME = CocoaHeadsAlbania;
			};
			name = Debug;
		};
		578937932E1DCEFB00A4D567 /* Release */ = {
			isa = XCBuildConfiguration;
			buildSettings = {
				CODE_SIGN_STYLE = Automatic;
				CURRENT_PROJECT_VERSION = 1;
				GENERATE_INFOPLIST_FILE = YES;
				MARKETING_VERSION = 1.0;
				PRODUCT_BUNDLE_IDENTIFIER = community.CocoaHeadsAlbaniaUITests;
				PRODUCT_NAME = "$(TARGET_NAME)";
				STRING_CATALOG_GENERATE_SYMBOLS = NO;
				SWIFT_EMIT_LOC_STRINGS = NO;
				SWIFT_UPCOMING_FEATURE_MEMBER_IMPORT_VISIBILITY = YES;
				SWIFT_VERSION = 5.0;
				TARGETED_DEVICE_FAMILY = "1,2";
				TEST_TARGET_NAME = CocoaHeadsAlbania;
			};
			name = Release;
		};
/* End XCBuildConfiguration section */

/* Begin XCConfigurationList section */
		578937652E1DCEFA00A4D567 /* Build configuration list for PBXProject "CocoaHeadsAlbania" */ = {
			isa = XCConfigurationList;
			buildConfigurations = (
				578937892E1DCEFB00A4D567 /* Debug */,
				5789378A2E1DCEFB00A4D567 /* Release */,
			);
			defaultConfigurationIsVisible = 0;
			defaultConfigurationName = Release;
		};
		5789378B2E1DCEFB00A4D567 /* Build configuration list for PBXNativeTarget "CocoaHeadsAlbania" */ = {
			isa = XCConfigurationList;
			buildConfigurations = (
				5789378C2E1DCEFB00A4D567 /* Debug */,
				5789378D2E1DCEFB00A4D567 /* Release */,
			);
			defaultConfigurationIsVisible = 0;
			defaultConfigurationName = Release;
		};
		5789378E2E1DCEFB00A4D567 /* Build configuration list for PBXNativeTarget "CocoaHeadsAlbaniaTests" */ = {
			isa = XCConfigurationList;
			buildConfigurations = (
				5789378F2E1DCEFB00A4D567 /* Debug */,
				578937902E1DCEFB00A4D567 /* Release */,
			);
			defaultConfigurationIsVisible = 0;
			defaultConfigurationName = Release;
		};
		578937912E1DCEFB00A4D567 /* Build configuration list for PBXNativeTarget "CocoaHeadsAlbaniaUITests" */ = {
			isa = XCConfigurationList;
			buildConfigurations = (
				578937922E1DCEFB00A4D567 /* Debug */,
				578937932E1DCEFB00A4D567 /* Release */,
			);
			defaultConfigurationIsVisible = 0;
			defaultConfigurationName = Release;
		};
/* End XCConfigurationList section */
	};
	rootObject = 578937622E1DCEFA00A4D567 /* Project object */;
}
